
Microsoft Visual Studio Solution File, Format Version 12.00
# Visual Studio Version 16
VisualStudioVersion = 16.0.29424.173
MinimumVisualStudioVersion = 10.0.40219.1
Project("{9A19103F-16F7-4668-BE54-9A1E7A4F7556}") = "geometric_class", "geometric_class\geometric_class.csproj", "{C4E78917-91A1-446E-BE09-924FC6C99FDD}"
EndProject
Project("{FAE04EC0-301F-11D3-BF4B-00C04F79EFBC}") = "Stepen", "Stepen\Stepen.csproj", "{91B9460C-1020-423E-9BB5-A95E9F022F9B}"
EndProject
Global
	GlobalSection(SolutionConfigurationPlatforms) = preSolution
		Debug|Any CPU = Debug|Any CPU
		Release|Any CPU = Release|Any CPU
	EndGlobalSection
	GlobalSection(ProjectConfigurationPlatforms) = postSolution
		{C4E78917-91A1-446E-BE09-924FC6C99FDD}.Debug|Any CPU.ActiveCfg = Debug|Any CPU
		{C4E78917-91A1-446E-BE09-924FC6C99FDD}.Debug|Any CPU.Build.0 = Debug|Any CPU
		{C4E78917-91A1-446E-BE09-924FC6C99FDD}.Release|Any CPU.ActiveCfg = Release|Any CPU
		{C4E78917-91A1-446E-BE09-924FC6C99FDD}.Release|Any CPU.Build.0 = Release|Any CPU
		{91B9460C-1020-423E-9BB5-A95E9F022F9B}.Debug|Any CPU.ActiveCfg = Debug|Any CPU
		{91B9460C-1020-423E-9BB5-A95E9F022F9B}.Debug|Any CPU.Build.0 = Debug|Any CPU
		{91B9460C-1020-423E-9BB5-A95E9F022F9B}.Release|Any CPU.ActiveCfg = Release|Any CPU
		{91B9460C-1020-423E-9BB5-A95E9F022F9B}.Release|Any CPU.Build.0 = Release|Any CPU
	EndGlobalSection
	GlobalSection(SolutionProperties) = preSolution
		HideSolutionNode = FALSE
	EndGlobalSection
	GlobalSection(ExtensibilityGlobals) = postSolution
		SolutionGuid = {9F6E02BA-93FF-4B73-AD55-78C5F7E429A3}
	EndGlobalSection
EndGlobal
