
Microsoft Visual Studio Solution File, Format Version 12.00
# Visual Studio Version 16
VisualStudioVersion = 16.0.29424.173
MinimumVisualStudioVersion = 10.0.40219.1
Project("{FAE04EC0-301F-11D3-BF4B-00C04F79EFBC}") = "3", "3\3.csproj", "{EC7AC4BA-B973-4692-AFE8-E3DD301FE510}"
EndProject
Global
	GlobalSection(SolutionConfigurationPlatforms) = preSolution
		Debug|Any CPU = Debug|Any CPU
		Release|Any CPU = Release|Any CPU
	EndGlobalSection
	GlobalSection(ProjectConfigurationPlatforms) = postSolution
		{EC7AC4BA-B973-4692-AFE8-E3DD301FE510}.Debug|Any CPU.ActiveCfg = Debug|Any CPU
		{EC7AC4BA-B973-4692-AFE8-E3DD301FE510}.Debug|Any CPU.Build.0 = Debug|Any CPU
		{EC7AC4BA-B973-4692-AFE8-E3DD301FE510}.Release|Any CPU.ActiveCfg = Release|Any CPU
		{EC7AC4BA-B973-4692-AFE8-E3DD301FE510}.Release|Any CPU.Build.0 = Release|Any CPU
	EndGlobalSection
	GlobalSection(SolutionProperties) = preSolution
		HideSolutionNode = FALSE
	EndGlobalSection
	GlobalSection(ExtensibilityGlobals) = postSolution
		SolutionGuid = {4F4E1E46-ACF5-47FE-8CAA-40E8AC9EE2EC}
	EndGlobalSection
EndGlobal
