
Microsoft Visual Studio Solution File, Format Version 12.00
# Visual Studio Version 16
VisualStudioVersion = 16.0.29424.173
MinimumVisualStudioVersion = 10.0.40219.1
Project("{9A19103F-16F7-4668-BE54-9A1E7A4F7556}") = "1", "1\1.csproj", "{7C867731-9F79-48C7-A4F9-D3BFB466F811}"
EndProject
Project("{9A19103F-16F7-4668-BE54-9A1E7A4F7556}") = "1test1", "1test1\1test1.csproj", "{633B5B1E-8BFD-4B9E-AFF2-CDD7F9B9B9E2}"
EndProject
Global
	GlobalSection(SolutionConfigurationPlatforms) = preSolution
		Debug|Any CPU = Debug|Any CPU
		Release|Any CPU = Release|Any CPU
	EndGlobalSection
	GlobalSection(ProjectConfigurationPlatforms) = postSolution
		{7C867731-9F79-48C7-A4F9-D3BFB466F811}.Debug|Any CPU.ActiveCfg = Debug|Any CPU
		{7C867731-9F79-48C7-A4F9-D3BFB466F811}.Debug|Any CPU.Build.0 = Debug|Any CPU
		{7C867731-9F79-48C7-A4F9-D3BFB466F811}.Release|Any CPU.ActiveCfg = Release|Any CPU
		{7C867731-9F79-48C7-A4F9-D3BFB466F811}.Release|Any CPU.Build.0 = Release|Any CPU
		{633B5B1E-8BFD-4B9E-AFF2-CDD7F9B9B9E2}.Debug|Any CPU.ActiveCfg = Debug|Any CPU
		{633B5B1E-8BFD-4B9E-AFF2-CDD7F9B9B9E2}.Debug|Any CPU.Build.0 = Debug|Any CPU
		{633B5B1E-8BFD-4B9E-AFF2-CDD7F9B9B9E2}.Release|Any CPU.ActiveCfg = Release|Any CPU
		{633B5B1E-8BFD-4B9E-AFF2-CDD7F9B9B9E2}.Release|Any CPU.Build.0 = Release|Any CPU
	EndGlobalSection
	GlobalSection(SolutionProperties) = preSolution
		HideSolutionNode = FALSE
	EndGlobalSection
	GlobalSection(ExtensibilityGlobals) = postSolution
		SolutionGuid = {22F91DBF-08AD-47A0-83AE-F349CC923677}
	EndGlobalSection
EndGlobal
