
Microsoft Visual Studio Solution File, Format Version 12.00
# Visual Studio Version 16
VisualStudioVersion = 16.0.29424.173
MinimumVisualStudioVersion = 10.0.40219.1
Project("{9A19103F-16F7-4668-BE54-9A1E7A4F7556}") = "1", "1\1.csproj", "{7C867731-9F79-48C7-A4F9-D3BFB466F811}"
EndProject
Project("{9A19103F-16F7-4668-BE54-9A1E7A4F7556}") = "1test1", "1test1\1test1.csproj", "{633B5B1E-8BFD-4B9E-AFF2-CDD7F9B9B9E2}"
EndProject
Project("{9A19103F-16F7-4668-BE54-9A1E7A4F7556}") = "2", "2\2.csproj", "{8C577F67-E735-4983-8F34-2133D6AD50E9}"
EndProject
Project("{9A19103F-16F7-4668-BE54-9A1E7A4F7556}") = "3", "..\3\3\3.csproj", "{68E2B7A7-832D-46AF-B694-1A3719E2F680}"
EndProject
Project("{9A19103F-16F7-4668-BE54-9A1E7A4F7556}") = "4", "..\4\4\4.csproj", "{178DD03D-E12C-4D9F-93B5-F20C6747C8DB}"
EndProject
Project("{9A19103F-16F7-4668-BE54-9A1E7A4F7556}") = "5", "..\5\5\5.csproj", "{817B7902-1812-421C-A622-C06E8CD1B831}"
EndProject
Project("{9A19103F-16F7-4668-BE54-9A1E7A4F7556}") = "6", "..\6\6\6.csproj", "{D8984C1D-A387-49EA-8D6D-5AE46117ED3D}"
EndProject
Project("{9A19103F-16F7-4668-BE54-9A1E7A4F7556}") = "2test2", "2test2\2test2.csproj", "{7688DC74-473F-4F48-AF16-D13C7D30A3FE}"
EndProject
Project("{FAE04EC0-301F-11D3-BF4B-00C04F79EFBC}") = "3test3", "3test3\3test3.csproj", "{00C0FFB1-99FF-472A-93DB-0A8A2CDDFE8F}"
EndProject
Project("{FAE04EC0-301F-11D3-BF4B-00C04F79EFBC}") = "4test4", "4test4\4test4.csproj", "{4767C32C-7764-42C2-A662-B40AC017F213}"
EndProject
Project("{FAE04EC0-301F-11D3-BF4B-00C04F79EFBC}") = "5test5", "5test5\5test5.csproj", "{039E839B-8518-424C-960D-0CA5963FE687}"
EndProject
Project("{FAE04EC0-301F-11D3-BF4B-00C04F79EFBC}") = "6test6", "6test6\6test6.csproj", "{5C6145BE-6B25-4A4B-AB5C-942E206D0DE7}"
EndProject
Global
	GlobalSection(SolutionConfigurationPlatforms) = preSolution
		Debug|Any CPU = Debug|Any CPU
		Release|Any CPU = Release|Any CPU
	EndGlobalSection
	GlobalSection(ProjectConfigurationPlatforms) = postSolution
		{7C867731-9F79-48C7-A4F9-D3BFB466F811}.Debug|Any CPU.ActiveCfg = Debug|Any CPU
		{7C867731-9F79-48C7-A4F9-D3BFB466F811}.Debug|Any CPU.Build.0 = Debug|Any CPU
		{7C867731-9F79-48C7-A4F9-D3BFB466F811}.Release|Any CPU.ActiveCfg = Release|Any CPU
		{7C867731-9F79-48C7-A4F9-D3BFB466F811}.Release|Any CPU.Build.0 = Release|Any CPU
		{633B5B1E-8BFD-4B9E-AFF2-CDD7F9B9B9E2}.Debug|Any CPU.ActiveCfg = Debug|Any CPU
		{633B5B1E-8BFD-4B9E-AFF2-CDD7F9B9B9E2}.Debug|Any CPU.Build.0 = Debug|Any CPU
		{633B5B1E-8BFD-4B9E-AFF2-CDD7F9B9B9E2}.Release|Any CPU.ActiveCfg = Release|Any CPU
		{633B5B1E-8BFD-4B9E-AFF2-CDD7F9B9B9E2}.Release|Any CPU.Build.0 = Release|Any CPU
		{8C577F67-E735-4983-8F34-2133D6AD50E9}.Debug|Any CPU.ActiveCfg = Debug|Any CPU
		{8C577F67-E735-4983-8F34-2133D6AD50E9}.Debug|Any CPU.Build.0 = Debug|Any CPU
		{8C577F67-E735-4983-8F34-2133D6AD50E9}.Release|Any CPU.ActiveCfg = Release|Any CPU
		{8C577F67-E735-4983-8F34-2133D6AD50E9}.Release|Any CPU.Build.0 = Release|Any CPU
		{68E2B7A7-832D-46AF-B694-1A3719E2F680}.Debug|Any CPU.ActiveCfg = Debug|Any CPU
		{68E2B7A7-832D-46AF-B694-1A3719E2F680}.Debug|Any CPU.Build.0 = Debug|Any CPU
		{68E2B7A7-832D-46AF-B694-1A3719E2F680}.Release|Any CPU.ActiveCfg = Release|Any CPU
		{68E2B7A7-832D-46AF-B694-1A3719E2F680}.Release|Any CPU.Build.0 = Release|Any CPU
		{178DD03D-E12C-4D9F-93B5-F20C6747C8DB}.Debug|Any CPU.ActiveCfg = Debug|Any CPU
		{178DD03D-E12C-4D9F-93B5-F20C6747C8DB}.Debug|Any CPU.Build.0 = Debug|Any CPU
		{178DD03D-E12C-4D9F-93B5-F20C6747C8DB}.Release|Any CPU.ActiveCfg = Release|Any CPU
		{178DD03D-E12C-4D9F-93B5-F20C6747C8DB}.Release|Any CPU.Build.0 = Release|Any CPU
		{817B7902-1812-421C-A622-C06E8CD1B831}.Debug|Any CPU.ActiveCfg = Debug|Any CPU
		{817B7902-1812-421C-A622-C06E8CD1B831}.Debug|Any CPU.Build.0 = Debug|Any CPU
		{817B7902-1812-421C-A622-C06E8CD1B831}.Release|Any CPU.ActiveCfg = Release|Any CPU
		{817B7902-1812-421C-A622-C06E8CD1B831}.Release|Any CPU.Build.0 = Release|Any CPU
		{D8984C1D-A387-49EA-8D6D-5AE46117ED3D}.Debug|Any CPU.ActiveCfg = Debug|Any CPU
		{D8984C1D-A387-49EA-8D6D-5AE46117ED3D}.Debug|Any CPU.Build.0 = Debug|Any CPU
		{D8984C1D-A387-49EA-8D6D-5AE46117ED3D}.Release|Any CPU.ActiveCfg = Release|Any CPU
		{D8984C1D-A387-49EA-8D6D-5AE46117ED3D}.Release|Any CPU.Build.0 = Release|Any CPU
		{7688DC74-473F-4F48-AF16-D13C7D30A3FE}.Debug|Any CPU.ActiveCfg = Debug|Any CPU
		{7688DC74-473F-4F48-AF16-D13C7D30A3FE}.Debug|Any CPU.Build.0 = Debug|Any CPU
		{7688DC74-473F-4F48-AF16-D13C7D30A3FE}.Release|Any CPU.ActiveCfg = Release|Any CPU
		{7688DC74-473F-4F48-AF16-D13C7D30A3FE}.Release|Any CPU.Build.0 = Release|Any CPU
		{00C0FFB1-99FF-472A-93DB-0A8A2CDDFE8F}.Debug|Any CPU.ActiveCfg = Debug|Any CPU
		{00C0FFB1-99FF-472A-93DB-0A8A2CDDFE8F}.Debug|Any CPU.Build.0 = Debug|Any CPU
		{00C0FFB1-99FF-472A-93DB-0A8A2CDDFE8F}.Release|Any CPU.ActiveCfg = Release|Any CPU
		{00C0FFB1-99FF-472A-93DB-0A8A2CDDFE8F}.Release|Any CPU.Build.0 = Release|Any CPU
		{4767C32C-7764-42C2-A662-B40AC017F213}.Debug|Any CPU.ActiveCfg = Debug|Any CPU
		{4767C32C-7764-42C2-A662-B40AC017F213}.Debug|Any CPU.Build.0 = Debug|Any CPU
		{4767C32C-7764-42C2-A662-B40AC017F213}.Release|Any CPU.ActiveCfg = Release|Any CPU
		{4767C32C-7764-42C2-A662-B40AC017F213}.Release|Any CPU.Build.0 = Release|Any CPU
		{039E839B-8518-424C-960D-0CA5963FE687}.Debug|Any CPU.ActiveCfg = Debug|Any CPU
		{039E839B-8518-424C-960D-0CA5963FE687}.Debug|Any CPU.Build.0 = Debug|Any CPU
		{039E839B-8518-424C-960D-0CA5963FE687}.Release|Any CPU.ActiveCfg = Release|Any CPU
		{039E839B-8518-424C-960D-0CA5963FE687}.Release|Any CPU.Build.0 = Release|Any CPU
		{5C6145BE-6B25-4A4B-AB5C-942E206D0DE7}.Debug|Any CPU.ActiveCfg = Debug|Any CPU
		{5C6145BE-6B25-4A4B-AB5C-942E206D0DE7}.Debug|Any CPU.Build.0 = Debug|Any CPU
		{5C6145BE-6B25-4A4B-AB5C-942E206D0DE7}.Release|Any CPU.ActiveCfg = Release|Any CPU
		{5C6145BE-6B25-4A4B-AB5C-942E206D0DE7}.Release|Any CPU.Build.0 = Release|Any CPU
	EndGlobalSection
	GlobalSection(SolutionProperties) = preSolution
		HideSolutionNode = FALSE
	EndGlobalSection
	GlobalSection(ExtensibilityGlobals) = postSolution
		SolutionGuid = {22F91DBF-08AD-47A0-83AE-F349CC923677}
	EndGlobalSection
EndGlobal
