
Microsoft Visual Studio Solution File, Format Version 12.00
# Visual Studio Version 16
VisualStudioVersion = 16.0.29424.173
MinimumVisualStudioVersion = 10.0.40219.1
Project("{9A19103F-16F7-4668-BE54-9A1E7A4F7556}") = "FindNthRoot", "FindNthRoot\FindNthRoot.csproj", "{ACFA33F7-51E2-4886-B3BB-ABF1D151D1FB}"
EndProject
Project("{9A19103F-16F7-4668-BE54-9A1E7A4F7556}") = "sort", "..\sort\sort\sort.csproj", "{199EE78E-4A0B-4670-B546-401DFD852EE8}"
EndProject
Project("{FAE04EC0-301F-11D3-BF4B-00C04F79EFBC}") = "FindNthRoot_test", "FindNthRoot_test\FindNthRoot_test.csproj", "{B73AB56D-5AE2-42F3-95BB-6512717BA14D}"
EndProject
Global
	GlobalSection(SolutionConfigurationPlatforms) = preSolution
		Debug|Any CPU = Debug|Any CPU
		Release|Any CPU = Release|Any CPU
	EndGlobalSection
	GlobalSection(ProjectConfigurationPlatforms) = postSolution
		{ACFA33F7-51E2-4886-B3BB-ABF1D151D1FB}.Debug|Any CPU.ActiveCfg = Debug|Any CPU
		{ACFA33F7-51E2-4886-B3BB-ABF1D151D1FB}.Debug|Any CPU.Build.0 = Debug|Any CPU
		{ACFA33F7-51E2-4886-B3BB-ABF1D151D1FB}.Release|Any CPU.ActiveCfg = Release|Any CPU
		{ACFA33F7-51E2-4886-B3BB-ABF1D151D1FB}.Release|Any CPU.Build.0 = Release|Any CPU
		{199EE78E-4A0B-4670-B546-401DFD852EE8}.Debug|Any CPU.ActiveCfg = Debug|Any CPU
		{199EE78E-4A0B-4670-B546-401DFD852EE8}.Debug|Any CPU.Build.0 = Debug|Any CPU
		{199EE78E-4A0B-4670-B546-401DFD852EE8}.Release|Any CPU.ActiveCfg = Release|Any CPU
		{199EE78E-4A0B-4670-B546-401DFD852EE8}.Release|Any CPU.Build.0 = Release|Any CPU
		{B73AB56D-5AE2-42F3-95BB-6512717BA14D}.Debug|Any CPU.ActiveCfg = Debug|Any CPU
		{B73AB56D-5AE2-42F3-95BB-6512717BA14D}.Debug|Any CPU.Build.0 = Debug|Any CPU
		{B73AB56D-5AE2-42F3-95BB-6512717BA14D}.Release|Any CPU.ActiveCfg = Release|Any CPU
		{B73AB56D-5AE2-42F3-95BB-6512717BA14D}.Release|Any CPU.Build.0 = Release|Any CPU
	EndGlobalSection
	GlobalSection(SolutionProperties) = preSolution
		HideSolutionNode = FALSE
	EndGlobalSection
	GlobalSection(ExtensibilityGlobals) = postSolution
		SolutionGuid = {12418210-3247-45AE-85CF-078FCCD79903}
	EndGlobalSection
EndGlobal
