
Microsoft Visual Studio Solution File, Format Version 12.00
# Visual Studio Version 16
VisualStudioVersion = 16.0.29424.173
MinimumVisualStudioVersion = 10.0.40219.1
Project("{FAE04EC0-301F-11D3-BF4B-00C04F79EFBC}") = "sort", "sort\sort.csproj", "{CBCB1338-20A7-40EF-B837-83D5492CECDD}"
EndProject
Global
	GlobalSection(SolutionConfigurationPlatforms) = preSolution
		Debug|Any CPU = Debug|Any CPU
		Release|Any CPU = Release|Any CPU
	EndGlobalSection
	GlobalSection(ProjectConfigurationPlatforms) = postSolution
		{CBCB1338-20A7-40EF-B837-83D5492CECDD}.Debug|Any CPU.ActiveCfg = Debug|Any CPU
		{CBCB1338-20A7-40EF-B837-83D5492CECDD}.Debug|Any CPU.Build.0 = Debug|Any CPU
		{CBCB1338-20A7-40EF-B837-83D5492CECDD}.Release|Any CPU.ActiveCfg = Release|Any CPU
		{CBCB1338-20A7-40EF-B837-83D5492CECDD}.Release|Any CPU.Build.0 = Release|Any CPU
	EndGlobalSection
	GlobalSection(SolutionProperties) = preSolution
		HideSolutionNode = FALSE
	EndGlobalSection
	GlobalSection(ExtensibilityGlobals) = postSolution
		SolutionGuid = {004B7763-5512-49C3-A5F5-1FC6352E9BFE}
	EndGlobalSection
EndGlobal
