
Microsoft Visual Studio Solution File, Format Version 12.00
# Visual Studio Version 16
VisualStudioVersion = 16.0.29424.173
MinimumVisualStudioVersion = 10.0.40219.1
Project("{9A19103F-16F7-4668-BE54-9A1E7A4F7556}") = "Ieee754", "Ieee754\Ieee754.csproj", "{7377E4E9-2992-45DC-9295-46F3B0FB45F6}"
EndProject
Project("{9A19103F-16F7-4668-BE54-9A1E7A4F7556}") = "isnull", "..\isnull\isnull\isnull.csproj", "{05D4A3AF-1F18-4235-B447-86A383074BF5}"
EndProject
Project("{9A19103F-16F7-4668-BE54-9A1E7A4F7556}") = "nod", "..\nod\nod\nod.csproj", "{75B6A36D-F9F2-4701-8E59-597BBEFF1E6B}"
EndProject
Global
	GlobalSection(SolutionConfigurationPlatforms) = preSolution
		Debug|Any CPU = Debug|Any CPU
		Release|Any CPU = Release|Any CPU
	EndGlobalSection
	GlobalSection(ProjectConfigurationPlatforms) = postSolution
		{7377E4E9-2992-45DC-9295-46F3B0FB45F6}.Debug|Any CPU.ActiveCfg = Debug|Any CPU
		{7377E4E9-2992-45DC-9295-46F3B0FB45F6}.Debug|Any CPU.Build.0 = Debug|Any CPU
		{7377E4E9-2992-45DC-9295-46F3B0FB45F6}.Release|Any CPU.ActiveCfg = Release|Any CPU
		{7377E4E9-2992-45DC-9295-46F3B0FB45F6}.Release|Any CPU.Build.0 = Release|Any CPU
		{05D4A3AF-1F18-4235-B447-86A383074BF5}.Debug|Any CPU.ActiveCfg = Debug|Any CPU
		{05D4A3AF-1F18-4235-B447-86A383074BF5}.Debug|Any CPU.Build.0 = Debug|Any CPU
		{05D4A3AF-1F18-4235-B447-86A383074BF5}.Release|Any CPU.ActiveCfg = Release|Any CPU
		{05D4A3AF-1F18-4235-B447-86A383074BF5}.Release|Any CPU.Build.0 = Release|Any CPU
		{75B6A36D-F9F2-4701-8E59-597BBEFF1E6B}.Debug|Any CPU.ActiveCfg = Debug|Any CPU
		{75B6A36D-F9F2-4701-8E59-597BBEFF1E6B}.Debug|Any CPU.Build.0 = Debug|Any CPU
		{75B6A36D-F9F2-4701-8E59-597BBEFF1E6B}.Release|Any CPU.ActiveCfg = Release|Any CPU
		{75B6A36D-F9F2-4701-8E59-597BBEFF1E6B}.Release|Any CPU.Build.0 = Release|Any CPU
	EndGlobalSection
	GlobalSection(SolutionProperties) = preSolution
		HideSolutionNode = FALSE
	EndGlobalSection
	GlobalSection(ExtensibilityGlobals) = postSolution
		SolutionGuid = {32243E39-7C67-4EA8-BBD0-A7D716B90753}
	EndGlobalSection
EndGlobal
